PODS:
  - HCBle (1.0.1)
  - Nimble (10.0.0)
  - PoliSDK (1.0.6):
    - HCBle (~> 1.0.1)

DEPENDENCIES:
  - HCBle (~> 1.0.1)
  - Nimble (~> 10.0.0)
  - PoliSDK (from `../`)

SPEC REPOS:
  https://github.com/CocoaPods/Specs.git:
    - Nimble
  https://github.com/hconnectdx/ios-spec.git:
    - HCBle

EXTERNAL SOURCES:
  PoliSDK:
    :path: "../"

SPEC CHECKSUMS:
  HCBle: 7610260623fbf20b96eebe73c1d226ff1216f0fd
  Nimble: 5316ef81a170ce87baf72dd961f22f89a602ff84
  PoliSDK: 44b68c2ec554b1a1b18d7708c7b437d5d8bce8a2

PODFILE CHECKSUM: 134212b7db8826d38c3614937cb53ed6458a4647

COCOAPODS: 1.16.2
