PODS:
  - HCBle (0.1.5)
  - Nimble (10.0.0)
  - PoliSDK (0.1.1):
    - HCBle (~> 0.1.5)

DEPENDENCIES:
  - Nimble (~> 10.0.0)
  - PoliSDK (from `../`)

SPEC REPOS:
  https://github.com/CocoaPods/Specs.git:
    - Nimble
  https://github.com/hconnectdx/ios-spec.git:
    - HCBle

EXTERNAL SOURCES:
  PoliSDK:
    :path: "../"

SPEC CHECKSUMS:
  HCBle: 8ffe758552254b8fa13bcb3a43ffaf2569526d94
  Nimble: 5316ef81a170ce87baf72dd961f22f89a602ff84
  PoliSDK: 7206f066840b34d986ae4576492e06c5c0ccb057

PODFILE CHECKSUM: 546780e372ebe3ddbcd316a5bb49f46ba8282474

COCOAPODS: 1.16.2
