PODS:
  - HCBle (1.0.3)
  - Nimble (10.0.0)
  - PoliSDK (1.0.11):
    - HCBle (~> 1.0.2)

DEPENDENCIES:
  - HCBle (~> 1.0.3)
  - Nimble (~> 10.0.0)
  - PoliSDK (from `../`)

SPEC REPOS:
  https://github.com/CocoaPods/Specs.git:
    - Nimble
  https://github.com/hconnectdx/ios-spec.git:
    - HCBle

EXTERNAL SOURCES:
  PoliSDK:
    :path: "../"

SPEC CHECKSUMS:
  HCBle: 21eb241b50dcd0406aac20ba253908ad2de7ddfc
  Nimble: 5316ef81a170ce87baf72dd961f22f89a602ff84
  PoliSDK: dc68970468c33195b86472e181e6870a9d560183

PODFILE CHECKSUM: a145ddcc39cf871de8cefac2c2400b7452d58ad1

COCOAPODS: 1.16.2
